
Microsoft Visual Studio Solution File, Format Version 12.00
# Visual Studio Version 16
VisualStudioVersion = 16.0.30523.141
MinimumVisualStudioVersion = 10.0.40219.1
Project("{FAE04EC0-301F-11D3-BF4B-00C04F79EFBC}") = "TypingGame", "TypingGame\TypingGame.csproj", "{818A4CF5-100F-455E-8F15-7EEC22EF6937}"
EndProject
Global
	GlobalSection(SolutionConfigurationPlatforms) = preSolution
		Debug|Any CPU = Debug|Any CPU
		Release|Any CPU = Release|Any CPU
	EndGlobalSection
	GlobalSection(ProjectConfigurationPlatforms) = postSolution
		{818A4CF5-100F-455E-8F15-7EEC22EF6937}.Debug|Any CPU.ActiveCfg = Debug|Any CPU
		{818A4CF5-100F-455E-8F15-7EEC22EF6937}.Debug|Any CPU.Build.0 = Debug|Any CPU
		{818A4CF5-100F-455E-8F15-7EEC22EF6937}.Release|Any CPU.ActiveCfg = Release|Any CPU
		{818A4CF5-100F-455E-8F15-7EEC22EF6937}.Release|Any CPU.Build.0 = Release|Any CPU
	EndGlobalSection
	GlobalSection(SolutionProperties) = preSolution
		HideSolutionNode = FALSE
	EndGlobalSection
	GlobalSection(ExtensibilityGlobals) = postSolution
		SolutionGuid = {37B23079-99C4-480B-BB46-D74E0C9260EA}
	EndGlobalSection
EndGlobal
